
Microsoft Visual Studio Solution File, Format Version 12.00
# Visual Studio Version 17
VisualStudioVersion = 17.4.33213.308
MinimumVisualStudioVersion = 10.0.40219.1
Project("{FAE04EC0-301F-11D3-BF4B-00C04F79EFBC}") = "universityERP", "universityERP.csproj", "{CC8D6670-F369-4D8B-8FA8-5FB77BB5CB3C}"
EndProject
Global
	GlobalSection(SolutionConfigurationPlatforms) = preSolution
		Debug|Any CPU = Debug|Any CPU
		Release|Any CPU = Release|Any CPU
	EndGlobalSection
	GlobalSection(ProjectConfigurationPlatforms) = postSolution
		{CC8D6670-F369-4D8B-8FA8-5FB77BB5CB3C}.Debug|Any CPU.ActiveCfg = Debug|Any CPU
		{CC8D6670-F369-4D8B-8FA8-5FB77BB5CB3C}.Debug|Any CPU.Build.0 = Debug|Any CPU
		{CC8D6670-F369-4D8B-8FA8-5FB77BB5CB3C}.Release|Any CPU.ActiveCfg = Release|Any CPU
		{CC8D6670-F369-4D8B-8FA8-5FB77BB5CB3C}.Release|Any CPU.Build.0 = Release|Any CPU
	EndGlobalSection
	GlobalSection(SolutionProperties) = preSolution
		HideSolutionNode = FALSE
	EndGlobalSection
	GlobalSection(ExtensibilityGlobals) = postSolution
		SolutionGuid = {CFE0156C-37B9-4462-9EF0-A4D4554EDA8D}
	EndGlobalSection
EndGlobal
